
Microsoft Visual Studio Solution File, Format Version 12.00
# Visual Studio Version 17
VisualStudioVersion = 17.6.33712.159
MinimumVisualStudioVersion = 10.0.40219.1
Project("{FAE04EC0-301F-11D3-BF4B-00C04F79EFBC}") = "proyecto final 3er semestre progra C# WF", "proyecto final 3er semestre progra C# WF\proyecto final 3er semestre progra C# WF.csproj", "{025B331E-5A7E-4F1C-B1C8-60F1B41A68BF}"
EndProject
Global
	GlobalSection(SolutionConfigurationPlatforms) = preSolution
		Debug|Any CPU = Debug|Any CPU
		Release|Any CPU = Release|Any CPU
	EndGlobalSection
	GlobalSection(ProjectConfigurationPlatforms) = postSolution
		{025B331E-5A7E-4F1C-B1C8-60F1B41A68BF}.Debug|Any CPU.ActiveCfg = Debug|Any CPU
		{025B331E-5A7E-4F1C-B1C8-60F1B41A68BF}.Debug|Any CPU.Build.0 = Debug|Any CPU
		{025B331E-5A7E-4F1C-B1C8-60F1B41A68BF}.Release|Any CPU.ActiveCfg = Release|Any CPU
		{025B331E-5A7E-4F1C-B1C8-60F1B41A68BF}.Release|Any CPU.Build.0 = Release|Any CPU
	EndGlobalSection
	GlobalSection(SolutionProperties) = preSolution
		HideSolutionNode = FALSE
	EndGlobalSection
	GlobalSection(ExtensibilityGlobals) = postSolution
		SolutionGuid = {B4F9E4B5-68D1-4A8E-853C-E45829288692}
	EndGlobalSection
EndGlobal
